PODS:
  - AFNetworking (2.6.3):
    - AFNetworking/NSURLConnection (= 2.6.3)
    - AFNetworking/NSURLSession (= 2.6.3)
    - AFNetworking/Reachability (= 2.6.3)
    - AFNetworking/Security (= 2.6.3)
    - AFNetworking/Serialization (= 2.6.3)
    - AFNetworking/UIKit (= 2.6.3)
  - AFNetworking/NSURLConnection (2.6.3):
    - AFNetworking/Reachability
    - AFNetworking/Security
    - AFNetworking/Serialization
  - AFNetworking/NSURLSession (2.6.3):
    - AFNetworking/Reachability
    - AFNetworking/Security
    - AFNetworking/Serialization
  - AFNetworking/Reachability (2.6.3)
  - AFNetworking/Security (2.6.3)
  - AFNetworking/Serialization (2.6.3)
  - AFNetworking/UIKit (2.6.3):
    - AFNetworking/NSURLConnection
    - AFNetworking/NSURLSession
  - BaiduMapKit (2.10.0)
  - FMDB (2.6):
    - FMDB/standard (= 2.6)
  - FMDB/standard (2.6)
  - HappyDNS (0.2.3)
  - Masonry (0.6.4)
  - MJExtension (3.0.10)
  - MJRefresh (3.1.0)
  - Qiniu (7.0.16):
    - AFNetworking (~> 2.0)
    - HappyDNS (~> 0.2)
  - ReactiveCocoa (2.5):
    - ReactiveCocoa/UI (= 2.5)
  - ReactiveCocoa/Core (2.5):
    - ReactiveCocoa/no-arc
  - ReactiveCocoa/no-arc (2.5)
  - ReactiveCocoa/UI (2.5):
    - ReactiveCocoa/Core
  - SDWebImage (3.7.5):
    - SDWebImage/Core (= 3.7.5)
  - SDWebImage/Core (3.7.5)
  - UMengAnalytics-NO-IDFA (3.6.7)

DEPENDENCIES:
  - AFNetworking
  - BaiduMapKit
  - FMDB
  - Masonry
  - MJExtension
  - MJRefresh
  - Qiniu
  - ReactiveCocoa (~> 2.5)
  - SDWebImage (~> 3.7)
  - UMengAnalytics-NO-IDFA

SPEC CHECKSUMS:
  AFNetworking: cb8d14a848e831097108418f5d49217339d4eb60
  BaiduMapKit: 5df028c6b455d29e68e89694adbcf9d37a4bcc99
  FMDB: c1968bab3ab0aed38f66cb778ae1e7fa9a652b6e
  HappyDNS: 6d85942e64c28b4fa61f8c76580398f52d6d1d11
  Masonry: 281802d04d787ea2973179ee8bcb50500579ede2
  MJExtension: d86aacb740c87519d20e3cca55b6fa4be6cc7548
  MJRefresh: 743e6404967d1c2c688472ea3ecfde247d872db4
  Qiniu: 51a8702cddc02b50867e10cef99291b9a8a006b1
  ReactiveCocoa: e2db045570aa97c695e7aa97c2bcab222ae51f4a
  SDWebImage: 69c6303e3348fba97e03f65d65d4fbc26740f461
  UMengAnalytics-NO-IDFA: 6d02561a00579b2e37718f204eb81347df5d7b8b

COCOAPODS: 0.39.0
